
Microsoft Visual Studio Solution File, Format Version 12.00
# Visual Studio Version 17
VisualStudioVersion = 17.11.35327.3
MinimumVisualStudioVersion = 10.0.40219.1
Project("{FAE04EC0-301F-11D3-BF4B-00C04F79EFBC}") = "3D_Point", "3D_Point\3D_Point.csproj", "{6F4FA5E6-547D-450B-95CA-A2900933D98E}"
EndProject
Global
	GlobalSection(SolutionConfigurationPlatforms) = preSolution
		Debug|Any CPU = Debug|Any CPU
		Release|Any CPU = Release|Any CPU
	EndGlobalSection
	GlobalSection(ProjectConfigurationPlatforms) = postSolution
		{6F4FA5E6-547D-450B-95CA-A2900933D98E}.Debug|Any CPU.ActiveCfg = Debug|Any CPU
		{6F4FA5E6-547D-450B-95CA-A2900933D98E}.Debug|Any CPU.Build.0 = Debug|Any CPU
		{6F4FA5E6-547D-450B-95CA-A2900933D98E}.Release|Any CPU.ActiveCfg = Release|Any CPU
		{6F4FA5E6-547D-450B-95CA-A2900933D98E}.Release|Any CPU.Build.0 = Release|Any CPU
	EndGlobalSection
	GlobalSection(SolutionProperties) = preSolution
		HideSolutionNode = FALSE
	EndGlobalSection
	GlobalSection(ExtensibilityGlobals) = postSolution
		SolutionGuid = {BCD272C7-DF84-4C2F-90F8-AED935B8D4A9}
	EndGlobalSection
EndGlobal
